
Microsoft Visual Studio Solution File, Format Version 12.00
# Visual Studio Version 17
VisualStudioVersion = 17.0.31717.71
MinimumVisualStudioVersion = 10.0.40219.1
Project("{2150E333-8FDC-42A3-9474-1A3956D46DE8}") = "Packages", "Packages", "{1DB95A8C-6801-44E0-90C5-AB5F805F3803}"
EndProject
Project("{2150E333-8FDC-42A3-9474-1A3956D46DE8}") = "Data", "Data", "{76E2ED4E-4EC0-4356-A87A-42E0A9ABBF78}"
EndProject
Project("{9A19103F-16F7-4668-BE54-9A1E7A4F7556}") = "RocketLaunchJournal.Entities", "source\RocketLaunchJournal.Entities\RocketLaunchJournal.Entities.csproj", "{2B640B29-C56E-47AE-9061-BA9FEAC173E0}"
EndProject
Project("{9A19103F-16F7-4668-BE54-9A1E7A4F7556}") = "RocketLaunchJournal.DataSeed", "source\RocketLaunchJournal.DataSeed\RocketLaunchJournal.DataSeed.csproj", "{A7207538-CA5A-4D09-BE82-23E6821C9000}"
EndProject
Project("{9A19103F-16F7-4668-BE54-9A1E7A4F7556}") = "RocketLaunchJournal.Model", "source\RocketLaunchJournal.Model\RocketLaunchJournal.Model.csproj", "{80EB7547-F597-481D-9B7B-7BAC1B0D0787}"
EndProject
Project("{2150E333-8FDC-42A3-9474-1A3956D46DE8}") = "Infrastructure", "Infrastructure", "{1763121B-E9D6-415B-8108-FD8FC8A05BF7}"
EndProject
Project("{9A19103F-16F7-4668-BE54-9A1E7A4F7556}") = "RocketLaunchJournal.Infrastructure", "source\RocketLaunchJournal.Infrastructure\RocketLaunchJournal.Infrastructure.csproj", "{38B657C3-B08B-4A8B-9BC5-6D92FFE40F7C}"
EndProject
Project("{9A19103F-16F7-4668-BE54-9A1E7A4F7556}") = "RocketLaunchJournal.Infrastructure.UserIdentity", "source\RocketLaunchJournal.Infrastructure.UserIdentity\RocketLaunchJournal.Infrastructure.UserIdentity.csproj", "{B3C7C9DE-70E3-4E70-A178-7FB93C17EB44}"
EndProject
Project("{9A19103F-16F7-4668-BE54-9A1E7A4F7556}") = "Services.Email", "source\Services.Email\Services.Email.csproj", "{C8A743EB-D705-48A7-ACE1-E290BB1DAA3D}"
EndProject
Project("{9A19103F-16F7-4668-BE54-9A1E7A4F7556}") = "RocketLaunchJournal.Web.Server", "source\RocketLaunchJournal.Web\Server\RocketLaunchJournal.Web.Server.csproj", "{3D3562B8-0114-481B-AD98-502F439955C7}"
EndProject
Project("{9A19103F-16F7-4668-BE54-9A1E7A4F7556}") = "RocketLaunchJournal.Web.Client", "source\RocketLaunchJournal.Web\Client\RocketLaunchJournal.Web.Client.csproj", "{35EBEE81-1196-484D-8BA5-E39636219F01}"
EndProject
Project("{9A19103F-16F7-4668-BE54-9A1E7A4F7556}") = "RocketLaunchJournal.Infrastructure.Dtos", "source\RocketLaunchJournal.Infrastructure.Dtos\RocketLaunchJournal.Infrastructure.Dtos.csproj", "{9E5E0BEC-1EC4-43DD-9416-7253C9EA439C}"
EndProject
Project("{9A19103F-16F7-4668-BE54-9A1E7A4F7556}") = "RocketLaunchJournal.Web.Shared", "source\RocketLaunchJournal.Web.Shared\RocketLaunchJournal.Web.Shared.csproj", "{CBA4FC4E-9E17-4D9E-B03C-326B9CC74BB7}"
EndProject
Global
	GlobalSection(SolutionConfigurationPlatforms) = preSolution
		AppStore|Any CPU = AppStore|Any CPU
		AppStore|ARM = AppStore|ARM
		AppStore|iPhone = AppStore|iPhone
		AppStore|iPhoneSimulator = AppStore|iPhoneSimulator
		AppStore|x64 = AppStore|x64
		AppStore|x86 = AppStore|x86
		Debug|Any CPU = Debug|Any CPU
		Debug|ARM = Debug|ARM
		Debug|iPhone = Debug|iPhone
		Debug|iPhoneSimulator = Debug|iPhoneSimulator
		Debug|x64 = Debug|x64
		Debug|x86 = Debug|x86
		Release|Any CPU = Release|Any CPU
		Release|ARM = Release|ARM
		Release|iPhone = Release|iPhone
		Release|iPhoneSimulator = Release|iPhoneSimulator
		Release|x64 = Release|x64
		Release|x86 = Release|x86
	EndGlobalSection
	GlobalSection(ProjectConfigurationPlatforms) = postSolution
		{2B640B29-C56E-47AE-9061-BA9FEAC173E0}.AppStore|Any CPU.ActiveCfg = Debug|Any CPU
		{2B640B29-C56E-47AE-9061-BA9FEAC173E0}.AppStore|Any CPU.Build.0 = Debug|Any CPU
		{2B640B29-C56E-47AE-9061-BA9FEAC173E0}.AppStore|ARM.ActiveCfg = Debug|Any CPU
		{2B640B29-C56E-47AE-9061-BA9FEAC173E0}.AppStore|ARM.Build.0 = Debug|Any CPU
		{2B640B29-C56E-47AE-9061-BA9FEAC173E0}.AppStore|iPhone.ActiveCfg = Debug|Any CPU
		{2B640B29-C56E-47AE-9061-BA9FEAC173E0}.AppStore|iPhone.Build.0 = Debug|Any CPU
		{2B640B29-C56E-47AE-9061-BA9FEAC173E0}.AppStore|iPhoneSimulator.ActiveCfg = Debug|Any CPU
		{2B640B29-C56E-47AE-9061-BA9FEAC173E0}.AppStore|iPhoneSimulator.Build.0 = Debug|Any CPU
		{2B640B29-C56E-47AE-9061-BA9FEAC173E0}.AppStore|x64.ActiveCfg = Debug|Any CPU
		{2B640B29-C56E-47AE-9061-BA9FEAC173E0}.AppStore|x64.Build.0 = Debug|Any CPU
		{2B640B29-C56E-47AE-9061-BA9FEAC173E0}.AppStore|x86.ActiveCfg = Debug|Any CPU
		{2B640B29-C56E-47AE-9061-BA9FEAC173E0}.AppStore|x86.Build.0 = Debug|Any CPU
		{2B640B29-C56E-47AE-9061-BA9FEAC173E0}.Debug|Any CPU.ActiveCfg = Debug|Any CPU
		{2B640B29-C56E-47AE-9061-BA9FEAC173E0}.Debug|Any CPU.Build.0 = Debug|Any CPU
		{2B640B29-C56E-47AE-9061-BA9FEAC173E0}.Debug|ARM.ActiveCfg = Debug|Any CPU
		{2B640B29-C56E-47AE-9061-BA9FEAC173E0}.Debug|ARM.Build.0 = Debug|Any CPU
		{2B640B29-C56E-47AE-9061-BA9FEAC173E0}.Debug|iPhone.ActiveCfg = Debug|Any CPU
		{2B640B29-C56E-47AE-9061-BA9FEAC173E0}.Debug|iPhone.Build.0 = Debug|Any CPU
		{2B640B29-C56E-47AE-9061-BA9FEAC173E0}.Debug|iPhoneSimulator.ActiveCfg = Debug|Any CPU
		{2B640B29-C56E-47AE-9061-BA9FEAC173E0}.Debug|iPhoneSimulator.Build.0 = Debug|Any CPU
		{2B640B29-C56E-47AE-9061-BA9FEAC173E0}.Debug|x64.ActiveCfg = Debug|Any CPU
		{2B640B29-C56E-47AE-9061-BA9FEAC173E0}.Debug|x64.Build.0 = Debug|Any CPU
		{2B640B29-C56E-47AE-9061-BA9FEAC173E0}.Debug|x86.ActiveCfg = Debug|Any CPU
		{2B640B29-C56E-47AE-9061-BA9FEAC173E0}.Debug|x86.Build.0 = Debug|Any CPU
		{2B640B29-C56E-47AE-9061-BA9FEAC173E0}.Release|Any CPU.ActiveCfg = Release|Any CPU
		{2B640B29-C56E-47AE-9061-BA9FEAC173E0}.Release|Any CPU.Build.0 = Release|Any CPU
		{2B640B29-C56E-47AE-9061-BA9FEAC173E0}.Release|ARM.ActiveCfg = Release|Any CPU
		{2B640B29-C56E-47AE-9061-BA9FEAC173E0}.Release|ARM.Build.0 = Release|Any CPU
		{2B640B29-C56E-47AE-9061-BA9FEAC173E0}.Release|iPhone.ActiveCfg = Release|Any CPU
		{2B640B29-C56E-47AE-9061-BA9FEAC173E0}.Release|iPhone.Build.0 = Release|Any CPU
		{2B640B29-C56E-47AE-9061-BA9FEAC173E0}.Release|iPhoneSimulator.ActiveCfg = Release|Any CPU
		{2B640B29-C56E-47AE-9061-BA9FEAC173E0}.Release|iPhoneSimulator.Build.0 = Release|Any CPU
		{2B640B29-C56E-47AE-9061-BA9FEAC173E0}.Release|x64.ActiveCfg = Release|Any CPU
		{2B640B29-C56E-47AE-9061-BA9FEAC173E0}.Release|x64.Build.0 = Release|Any CPU
		{2B640B29-C56E-47AE-9061-BA9FEAC173E0}.Release|x86.ActiveCfg = Release|Any CPU
		{2B640B29-C56E-47AE-9061-BA9FEAC173E0}.Release|x86.Build.0 = Release|Any CPU
		{A7207538-CA5A-4D09-BE82-23E6821C9000}.AppStore|Any CPU.ActiveCfg = Debug|Any CPU
		{A7207538-CA5A-4D09-BE82-23E6821C9000}.AppStore|Any CPU.Build.0 = Debug|Any CPU
		{A7207538-CA5A-4D09-BE82-23E6821C9000}.AppStore|ARM.ActiveCfg = Debug|Any CPU
		{A7207538-CA5A-4D09-BE82-23E6821C9000}.AppStore|ARM.Build.0 = Debug|Any CPU
		{A7207538-CA5A-4D09-BE82-23E6821C9000}.AppStore|iPhone.ActiveCfg = Debug|Any CPU
		{A7207538-CA5A-4D09-BE82-23E6821C9000}.AppStore|iPhone.Build.0 = Debug|Any CPU
		{A7207538-CA5A-4D09-BE82-23E6821C9000}.AppStore|iPhoneSimulator.ActiveCfg = Debug|Any CPU
		{A7207538-CA5A-4D09-BE82-23E6821C9000}.AppStore|iPhoneSimulator.Build.0 = Debug|Any CPU
		{A7207538-CA5A-4D09-BE82-23E6821C9000}.AppStore|x64.ActiveCfg = Debug|Any CPU
		{A7207538-CA5A-4D09-BE82-23E6821C9000}.AppStore|x64.Build.0 = Debug|Any CPU
		{A7207538-CA5A-4D09-BE82-23E6821C9000}.AppStore|x86.ActiveCfg = Debug|Any CPU
		{A7207538-CA5A-4D09-BE82-23E6821C9000}.AppStore|x86.Build.0 = Debug|Any CPU
		{A7207538-CA5A-4D09-BE82-23E6821C9000}.Debug|Any CPU.ActiveCfg = Debug|Any CPU
		{A7207538-CA5A-4D09-BE82-23E6821C9000}.Debug|Any CPU.Build.0 = Debug|Any CPU
		{A7207538-CA5A-4D09-BE82-23E6821C9000}.Debug|ARM.ActiveCfg = Debug|Any CPU
		{A7207538-CA5A-4D09-BE82-23E6821C9000}.Debug|ARM.Build.0 = Debug|Any CPU
		{A7207538-CA5A-4D09-BE82-23E6821C9000}.Debug|iPhone.ActiveCfg = Debug|Any CPU
		{A7207538-CA5A-4D09-BE82-23E6821C9000}.Debug|iPhone.Build.0 = Debug|Any CPU
		{A7207538-CA5A-4D09-BE82-23E6821C9000}.Debug|iPhoneSimulator.ActiveCfg = Debug|Any CPU
		{A7207538-CA5A-4D09-BE82-23E6821C9000}.Debug|iPhoneSimulator.Build.0 = Debug|Any CPU
		{A7207538-CA5A-4D09-BE82-23E6821C9000}.Debug|x64.ActiveCfg = Debug|Any CPU
		{A7207538-CA5A-4D09-BE82-23E6821C9000}.Debug|x64.Build.0 = Debug|Any CPU
		{A7207538-CA5A-4D09-BE82-23E6821C9000}.Debug|x86.ActiveCfg = Debug|Any CPU
		{A7207538-CA5A-4D09-BE82-23E6821C9000}.Debug|x86.Build.0 = Debug|Any CPU
		{A7207538-CA5A-4D09-BE82-23E6821C9000}.Release|Any CPU.ActiveCfg = Release|Any CPU
		{A7207538-CA5A-4D09-BE82-23E6821C9000}.Release|Any CPU.Build.0 = Release|Any CPU
		{A7207538-CA5A-4D09-BE82-23E6821C9000}.Release|ARM.ActiveCfg = Release|Any CPU
		{A7207538-CA5A-4D09-BE82-23E6821C9000}.Release|ARM.Build.0 = Release|Any CPU
		{A7207538-CA5A-4D09-BE82-23E6821C9000}.Release|iPhone.ActiveCfg = Release|Any CPU
		{A7207538-CA5A-4D09-BE82-23E6821C9000}.Release|iPhone.Build.0 = Release|Any CPU
		{A7207538-CA5A-4D09-BE82-23E6821C9000}.Release|iPhoneSimulator.ActiveCfg = Release|Any CPU
		{A7207538-CA5A-4D09-BE82-23E6821C9000}.Release|iPhoneSimulator.Build.0 = Release|Any CPU
		{A7207538-CA5A-4D09-BE82-23E6821C9000}.Release|x64.ActiveCfg = Release|Any CPU
		{A7207538-CA5A-4D09-BE82-23E6821C9000}.Release|x64.Build.0 = Release|Any CPU
		{A7207538-CA5A-4D09-BE82-23E6821C9000}.Release|x86.ActiveCfg = Release|Any CPU
		{A7207538-CA5A-4D09-BE82-23E6821C9000}.Release|x86.Build.0 = Release|Any CPU
		{80EB7547-F597-481D-9B7B-7BAC1B0D0787}.AppStore|Any CPU.ActiveCfg = Debug|Any CPU
		{80EB7547-F597-481D-9B7B-7BAC1B0D0787}.AppStore|Any CPU.Build.0 = Debug|Any CPU
		{80EB7547-F597-481D-9B7B-7BAC1B0D0787}.AppStore|ARM.ActiveCfg = Debug|Any CPU
		{80EB7547-F597-481D-9B7B-7BAC1B0D0787}.AppStore|ARM.Build.0 = Debug|Any CPU
		{80EB7547-F597-481D-9B7B-7BAC1B0D0787}.AppStore|iPhone.ActiveCfg = Debug|Any CPU
		{80EB7547-F597-481D-9B7B-7BAC1B0D0787}.AppStore|iPhone.Build.0 = Debug|Any CPU
		{80EB7547-F597-481D-9B7B-7BAC1B0D0787}.AppStore|iPhoneSimulator.ActiveCfg = Debug|Any CPU
		{80EB7547-F597-481D-9B7B-7BAC1B0D0787}.AppStore|iPhoneSimulator.Build.0 = Debug|Any CPU
		{80EB7547-F597-481D-9B7B-7BAC1B0D0787}.AppStore|x64.ActiveCfg = Debug|Any CPU
		{80EB7547-F597-481D-9B7B-7BAC1B0D0787}.AppStore|x64.Build.0 = Debug|Any CPU
		{80EB7547-F597-481D-9B7B-7BAC1B0D0787}.AppStore|x86.ActiveCfg = Debug|Any CPU
		{80EB7547-F597-481D-9B7B-7BAC1B0D0787}.AppStore|x86.Build.0 = Debug|Any CPU
		{80EB7547-F597-481D-9B7B-7BAC1B0D0787}.Debug|Any CPU.ActiveCfg = Debug|Any CPU
		{80EB7547-F597-481D-9B7B-7BAC1B0D0787}.Debug|Any CPU.Build.0 = Debug|Any CPU
		{80EB7547-F597-481D-9B7B-7BAC1B0D0787}.Debug|ARM.ActiveCfg = Debug|Any CPU
		{80EB7547-F597-481D-9B7B-7BAC1B0D0787}.Debug|ARM.Build.0 = Debug|Any CPU
		{80EB7547-F597-481D-9B7B-7BAC1B0D0787}.Debug|iPhone.ActiveCfg = Debug|Any CPU
		{80EB7547-F597-481D-9B7B-7BAC1B0D0787}.Debug|iPhone.Build.0 = Debug|Any CPU
		{80EB7547-F597-481D-9B7B-7BAC1B0D0787}.Debug|iPhoneSimulator.ActiveCfg = Debug|Any CPU
		{80EB7547-F597-481D-9B7B-7BAC1B0D0787}.Debug|iPhoneSimulator.Build.0 = Debug|Any CPU
		{80EB7547-F597-481D-9B7B-7BAC1B0D0787}.Debug|x64.ActiveCfg = Debug|Any CPU
		{80EB7547-F597-481D-9B7B-7BAC1B0D0787}.Debug|x64.Build.0 = Debug|Any CPU
		{80EB7547-F597-481D-9B7B-7BAC1B0D0787}.Debug|x86.ActiveCfg = Debug|Any CPU
		{80EB7547-F597-481D-9B7B-7BAC1B0D0787}.Debug|x86.Build.0 = Debug|Any CPU
		{80EB7547-F597-481D-9B7B-7BAC1B0D0787}.Release|Any CPU.ActiveCfg = Release|Any CPU
		{80EB7547-F597-481D-9B7B-7BAC1B0D0787}.Release|Any CPU.Build.0 = Release|Any CPU
		{80EB7547-F597-481D-9B7B-7BAC1B0D0787}.Release|ARM.ActiveCfg = Release|Any CPU
		{80EB7547-F597-481D-9B7B-7BAC1B0D0787}.Release|ARM.Build.0 = Release|Any CPU
		{80EB7547-F597-481D-9B7B-7BAC1B0D0787}.Release|iPhone.ActiveCfg = Release|Any CPU
		{80EB7547-F597-481D-9B7B-7BAC1B0D0787}.Release|iPhone.Build.0 = Release|Any CPU
		{80EB7547-F597-481D-9B7B-7BAC1B0D0787}.Release|iPhoneSimulator.ActiveCfg = Release|Any CPU
		{80EB7547-F597-481D-9B7B-7BAC1B0D0787}.Release|iPhoneSimulator.Build.0 = Release|Any CPU
		{80EB7547-F597-481D-9B7B-7BAC1B0D0787}.Release|x64.ActiveCfg = Release|Any CPU
		{80EB7547-F597-481D-9B7B-7BAC1B0D0787}.Release|x64.Build.0 = Release|Any CPU
		{80EB7547-F597-481D-9B7B-7BAC1B0D0787}.Release|x86.ActiveCfg = Release|Any CPU
		{80EB7547-F597-481D-9B7B-7BAC1B0D0787}.Release|x86.Build.0 = Release|Any CPU
		{38B657C3-B08B-4A8B-9BC5-6D92FFE40F7C}.AppStore|Any CPU.ActiveCfg = Debug|Any CPU
		{38B657C3-B08B-4A8B-9BC5-6D92FFE40F7C}.AppStore|Any CPU.Build.0 = Debug|Any CPU
		{38B657C3-B08B-4A8B-9BC5-6D92FFE40F7C}.AppStore|ARM.ActiveCfg = Debug|Any CPU
		{38B657C3-B08B-4A8B-9BC5-6D92FFE40F7C}.AppStore|ARM.Build.0 = Debug|Any CPU
		{38B657C3-B08B-4A8B-9BC5-6D92FFE40F7C}.AppStore|iPhone.ActiveCfg = Debug|Any CPU
		{38B657C3-B08B-4A8B-9BC5-6D92FFE40F7C}.AppStore|iPhone.Build.0 = Debug|Any CPU
		{38B657C3-B08B-4A8B-9BC5-6D92FFE40F7C}.AppStore|iPhoneSimulator.ActiveCfg = Debug|Any CPU
		{38B657C3-B08B-4A8B-9BC5-6D92FFE40F7C}.AppStore|iPhoneSimulator.Build.0 = Debug|Any CPU
		{38B657C3-B08B-4A8B-9BC5-6D92FFE40F7C}.AppStore|x64.ActiveCfg = Debug|Any CPU
		{38B657C3-B08B-4A8B-9BC5-6D92FFE40F7C}.AppStore|x64.Build.0 = Debug|Any CPU
		{38B657C3-B08B-4A8B-9BC5-6D92FFE40F7C}.AppStore|x86.ActiveCfg = Debug|Any CPU
		{38B657C3-B08B-4A8B-9BC5-6D92FFE40F7C}.AppStore|x86.Build.0 = Debug|Any CPU
		{38B657C3-B08B-4A8B-9BC5-6D92FFE40F7C}.Debug|Any CPU.ActiveCfg = Debug|Any CPU
		{38B657C3-B08B-4A8B-9BC5-6D92FFE40F7C}.Debug|Any CPU.Build.0 = Debug|Any CPU
		{38B657C3-B08B-4A8B-9BC5-6D92FFE40F7C}.Debug|ARM.ActiveCfg = Debug|Any CPU
		{38B657C3-B08B-4A8B-9BC5-6D92FFE40F7C}.Debug|ARM.Build.0 = Debug|Any CPU
		{38B657C3-B08B-4A8B-9BC5-6D92FFE40F7C}.Debug|iPhone.ActiveCfg = Debug|Any CPU
		{38B657C3-B08B-4A8B-9BC5-6D92FFE40F7C}.Debug|iPhone.Build.0 = Debug|Any CPU
		{38B657C3-B08B-4A8B-9BC5-6D92FFE40F7C}.Debug|iPhoneSimulator.ActiveCfg = Debug|Any CPU
		{38B657C3-B08B-4A8B-9BC5-6D92FFE40F7C}.Debug|iPhoneSimulator.Build.0 = Debug|Any CPU
		{38B657C3-B08B-4A8B-9BC5-6D92FFE40F7C}.Debug|x64.ActiveCfg = Debug|Any CPU
		{38B657C3-B08B-4A8B-9BC5-6D92FFE40F7C}.Debug|x64.Build.0 = Debug|Any CPU
		{38B657C3-B08B-4A8B-9BC5-6D92FFE40F7C}.Debug|x86.ActiveCfg = Debug|Any CPU
		{38B657C3-B08B-4A8B-9BC5-6D92FFE40F7C}.Debug|x86.Build.0 = Debug|Any CPU
		{38B657C3-B08B-4A8B-9BC5-6D92FFE40F7C}.Release|Any CPU.ActiveCfg = Release|Any CPU
		{38B657C3-B08B-4A8B-9BC5-6D92FFE40F7C}.Release|Any CPU.Build.0 = Release|Any CPU
		{38B657C3-B08B-4A8B-9BC5-6D92FFE40F7C}.Release|ARM.ActiveCfg = Release|Any CPU
		{38B657C3-B08B-4A8B-9BC5-6D92FFE40F7C}.Release|ARM.Build.0 = Release|Any CPU
		{38B657C3-B08B-4A8B-9BC5-6D92FFE40F7C}.Release|iPhone.ActiveCfg = Release|Any CPU
		{38B657C3-B08B-4A8B-9BC5-6D92FFE40F7C}.Release|iPhone.Build.0 = Release|Any CPU
		{38B657C3-B08B-4A8B-9BC5-6D92FFE40F7C}.Release|iPhoneSimulator.ActiveCfg = Release|Any CPU
		{38B657C3-B08B-4A8B-9BC5-6D92FFE40F7C}.Release|iPhoneSimulator.Build.0 = Release|Any CPU
		{38B657C3-B08B-4A8B-9BC5-6D92FFE40F7C}.Release|x64.ActiveCfg = Release|Any CPU
		{38B657C3-B08B-4A8B-9BC5-6D92FFE40F7C}.Release|x64.Build.0 = Release|Any CPU
		{38B657C3-B08B-4A8B-9BC5-6D92FFE40F7C}.Release|x86.ActiveCfg = Release|Any CPU
		{38B657C3-B08B-4A8B-9BC5-6D92FFE40F7C}.Release|x86.Build.0 = Release|Any CPU
		{B3C7C9DE-70E3-4E70-A178-7FB93C17EB44}.AppStore|Any CPU.ActiveCfg = Debug|Any CPU
		{B3C7C9DE-70E3-4E70-A178-7FB93C17EB44}.AppStore|Any CPU.Build.0 = Debug|Any CPU
		{B3C7C9DE-70E3-4E70-A178-7FB93C17EB44}.AppStore|ARM.ActiveCfg = Debug|Any CPU
		{B3C7C9DE-70E3-4E70-A178-7FB93C17EB44}.AppStore|ARM.Build.0 = Debug|Any CPU
		{B3C7C9DE-70E3-4E70-A178-7FB93C17EB44}.AppStore|iPhone.ActiveCfg = Debug|Any CPU
		{B3C7C9DE-70E3-4E70-A178-7FB93C17EB44}.AppStore|iPhone.Build.0 = Debug|Any CPU
		{B3C7C9DE-70E3-4E70-A178-7FB93C17EB44}.AppStore|iPhoneSimulator.ActiveCfg = Debug|Any CPU
		{B3C7C9DE-70E3-4E70-A178-7FB93C17EB44}.AppStore|iPhoneSimulator.Build.0 = Debug|Any CPU
		{B3C7C9DE-70E3-4E70-A178-7FB93C17EB44}.AppStore|x64.ActiveCfg = Debug|Any CPU
		{B3C7C9DE-70E3-4E70-A178-7FB93C17EB44}.AppStore|x64.Build.0 = Debug|Any CPU
		{B3C7C9DE-70E3-4E70-A178-7FB93C17EB44}.AppStore|x86.ActiveCfg = Debug|Any CPU
		{B3C7C9DE-70E3-4E70-A178-7FB93C17EB44}.AppStore|x86.Build.0 = Debug|Any CPU
		{B3C7C9DE-70E3-4E70-A178-7FB93C17EB44}.Debug|Any CPU.ActiveCfg = Debug|Any CPU
		{B3C7C9DE-70E3-4E70-A178-7FB93C17EB44}.Debug|Any CPU.Build.0 = Debug|Any CPU
		{B3C7C9DE-70E3-4E70-A178-7FB93C17EB44}.Debug|ARM.ActiveCfg = Debug|Any CPU
		{B3C7C9DE-70E3-4E70-A178-7FB93C17EB44}.Debug|ARM.Build.0 = Debug|Any CPU
		{B3C7C9DE-70E3-4E70-A178-7FB93C17EB44}.Debug|iPhone.ActiveCfg = Debug|Any CPU
		{B3C7C9DE-70E3-4E70-A178-7FB93C17EB44}.Debug|iPhone.Build.0 = Debug|Any CPU
		{B3C7C9DE-70E3-4E70-A178-7FB93C17EB44}.Debug|iPhoneSimulator.ActiveCfg = Debug|Any CPU
		{B3C7C9DE-70E3-4E70-A178-7FB93C17EB44}.Debug|iPhoneSimulator.Build.0 = Debug|Any CPU
		{B3C7C9DE-70E3-4E70-A178-7FB93C17EB44}.Debug|x64.ActiveCfg = Debug|Any CPU
		{B3C7C9DE-70E3-4E70-A178-7FB93C17EB44}.Debug|x64.Build.0 = Debug|Any CPU
		{B3C7C9DE-70E3-4E70-A178-7FB93C17EB44}.Debug|x86.ActiveCfg = Debug|Any CPU
		{B3C7C9DE-70E3-4E70-A178-7FB93C17EB44}.Debug|x86.Build.0 = Debug|Any CPU
		{B3C7C9DE-70E3-4E70-A178-7FB93C17EB44}.Release|Any CPU.ActiveCfg = Release|Any CPU
		{B3C7C9DE-70E3-4E70-A178-7FB93C17EB44}.Release|Any CPU.Build.0 = Release|Any CPU
		{B3C7C9DE-70E3-4E70-A178-7FB93C17EB44}.Release|ARM.ActiveCfg = Release|Any CPU
		{B3C7C9DE-70E3-4E70-A178-7FB93C17EB44}.Release|ARM.Build.0 = Release|Any CPU
		{B3C7C9DE-70E3-4E70-A178-7FB93C17EB44}.Release|iPhone.ActiveCfg = Release|Any CPU
		{B3C7C9DE-70E3-4E70-A178-7FB93C17EB44}.Release|iPhone.Build.0 = Release|Any CPU
		{B3C7C9DE-70E3-4E70-A178-7FB93C17EB44}.Release|iPhoneSimulator.ActiveCfg = Release|Any CPU
		{B3C7C9DE-70E3-4E70-A178-7FB93C17EB44}.Release|iPhoneSimulator.Build.0 = Release|Any CPU
		{B3C7C9DE-70E3-4E70-A178-7FB93C17EB44}.Release|x64.ActiveCfg = Release|Any CPU
		{B3C7C9DE-70E3-4E70-A178-7FB93C17EB44}.Release|x64.Build.0 = Release|Any CPU
		{B3C7C9DE-70E3-4E70-A178-7FB93C17EB44}.Release|x86.ActiveCfg = Release|Any CPU
		{B3C7C9DE-70E3-4E70-A178-7FB93C17EB44}.Release|x86.Build.0 = Release|Any CPU
		{C8A743EB-D705-48A7-ACE1-E290BB1DAA3D}.AppStore|Any CPU.ActiveCfg = Debug|Any CPU
		{C8A743EB-D705-48A7-ACE1-E290BB1DAA3D}.AppStore|Any CPU.Build.0 = Debug|Any CPU
		{C8A743EB-D705-48A7-ACE1-E290BB1DAA3D}.AppStore|ARM.ActiveCfg = Debug|Any CPU
		{C8A743EB-D705-48A7-ACE1-E290BB1DAA3D}.AppStore|ARM.Build.0 = Debug|Any CPU
		{C8A743EB-D705-48A7-ACE1-E290BB1DAA3D}.AppStore|iPhone.ActiveCfg = Debug|Any CPU
		{C8A743EB-D705-48A7-ACE1-E290BB1DAA3D}.AppStore|iPhone.Build.0 = Debug|Any CPU
		{C8A743EB-D705-48A7-ACE1-E290BB1DAA3D}.AppStore|iPhoneSimulator.ActiveCfg = Debug|Any CPU
		{C8A743EB-D705-48A7-ACE1-E290BB1DAA3D}.AppStore|iPhoneSimulator.Build.0 = Debug|Any CPU
		{C8A743EB-D705-48A7-ACE1-E290BB1DAA3D}.AppStore|x64.ActiveCfg = Debug|Any CPU
		{C8A743EB-D705-48A7-ACE1-E290BB1DAA3D}.AppStore|x64.Build.0 = Debug|Any CPU
		{C8A743EB-D705-48A7-ACE1-E290BB1DAA3D}.AppStore|x86.ActiveCfg = Debug|Any CPU
		{C8A743EB-D705-48A7-ACE1-E290BB1DAA3D}.AppStore|x86.Build.0 = Debug|Any CPU
		{C8A743EB-D705-48A7-ACE1-E290BB1DAA3D}.Debug|Any CPU.ActiveCfg = Debug|Any CPU
		{C8A743EB-D705-48A7-ACE1-E290BB1DAA3D}.Debug|Any CPU.Build.0 = Debug|Any CPU
		{C8A743EB-D705-48A7-ACE1-E290BB1DAA3D}.Debug|ARM.ActiveCfg = Debug|Any CPU
		{C8A743EB-D705-48A7-ACE1-E290BB1DAA3D}.Debug|ARM.Build.0 = Debug|Any CPU
		{C8A743EB-D705-48A7-ACE1-E290BB1DAA3D}.Debug|iPhone.ActiveCfg = Debug|Any CPU
		{C8A743EB-D705-48A7-ACE1-E290BB1DAA3D}.Debug|iPhone.Build.0 = Debug|Any CPU
		{C8A743EB-D705-48A7-ACE1-E290BB1DAA3D}.Debug|iPhoneSimulator.ActiveCfg = Debug|Any CPU
		{C8A743EB-D705-48A7-ACE1-E290BB1DAA3D}.Debug|iPhoneSimulator.Build.0 = Debug|Any CPU
		{C8A743EB-D705-48A7-ACE1-E290BB1DAA3D}.Debug|x64.ActiveCfg = Debug|Any CPU
		{C8A743EB-D705-48A7-ACE1-E290BB1DAA3D}.Debug|x64.Build.0 = Debug|Any CPU
		{C8A743EB-D705-48A7-ACE1-E290BB1DAA3D}.Debug|x86.ActiveCfg = Debug|Any CPU
		{C8A743EB-D705-48A7-ACE1-E290BB1DAA3D}.Debug|x86.Build.0 = Debug|Any CPU
		{C8A743EB-D705-48A7-ACE1-E290BB1DAA3D}.Release|Any CPU.ActiveCfg = Release|Any CPU
		{C8A743EB-D705-48A7-ACE1-E290BB1DAA3D}.Release|Any CPU.Build.0 = Release|Any CPU
		{C8A743EB-D705-48A7-ACE1-E290BB1DAA3D}.Release|ARM.ActiveCfg = Release|Any CPU
		{C8A743EB-D705-48A7-ACE1-E290BB1DAA3D}.Release|ARM.Build.0 = Release|Any CPU
		{C8A743EB-D705-48A7-ACE1-E290BB1DAA3D}.Release|iPhone.ActiveCfg = Release|Any CPU
		{C8A743EB-D705-48A7-ACE1-E290BB1DAA3D}.Release|iPhone.Build.0 = Release|Any CPU
		{C8A743EB-D705-48A7-ACE1-E290BB1DAA3D}.Release|iPhoneSimulator.ActiveCfg = Release|Any CPU
		{C8A743EB-D705-48A7-ACE1-E290BB1DAA3D}.Release|iPhoneSimulator.Build.0 = Release|Any CPU
		{C8A743EB-D705-48A7-ACE1-E290BB1DAA3D}.Release|x64.ActiveCfg = Release|Any CPU
		{C8A743EB-D705-48A7-ACE1-E290BB1DAA3D}.Release|x64.Build.0 = Release|Any CPU
		{C8A743EB-D705-48A7-ACE1-E290BB1DAA3D}.Release|x86.ActiveCfg = Release|Any CPU
		{C8A743EB-D705-48A7-ACE1-E290BB1DAA3D}.Release|x86.Build.0 = Release|Any CPU
		{3D3562B8-0114-481B-AD98-502F439955C7}.AppStore|Any CPU.ActiveCfg = Debug|Any CPU
		{3D3562B8-0114-481B-AD98-502F439955C7}.AppStore|Any CPU.Build.0 = Debug|Any CPU
		{3D3562B8-0114-481B-AD98-502F439955C7}.AppStore|ARM.ActiveCfg = Debug|Any CPU
		{3D3562B8-0114-481B-AD98-502F439955C7}.AppStore|ARM.Build.0 = Debug|Any CPU
		{3D3562B8-0114-481B-AD98-502F439955C7}.AppStore|iPhone.ActiveCfg = Debug|Any CPU
		{3D3562B8-0114-481B-AD98-502F439955C7}.AppStore|iPhone.Build.0 = Debug|Any CPU
		{3D3562B8-0114-481B-AD98-502F439955C7}.AppStore|iPhoneSimulator.ActiveCfg = Debug|Any CPU
		{3D3562B8-0114-481B-AD98-502F439955C7}.AppStore|iPhoneSimulator.Build.0 = Debug|Any CPU
		{3D3562B8-0114-481B-AD98-502F439955C7}.AppStore|x64.ActiveCfg = Debug|Any CPU
		{3D3562B8-0114-481B-AD98-502F439955C7}.AppStore|x64.Build.0 = Debug|Any CPU
		{3D3562B8-0114-481B-AD98-502F439955C7}.AppStore|x86.ActiveCfg = Debug|Any CPU
		{3D3562B8-0114-481B-AD98-502F439955C7}.AppStore|x86.Build.0 = Debug|Any CPU
		{3D3562B8-0114-481B-AD98-502F439955C7}.Debug|Any CPU.ActiveCfg = Debug|Any CPU
		{3D3562B8-0114-481B-AD98-502F439955C7}.Debug|Any CPU.Build.0 = Debug|Any CPU
		{3D3562B8-0114-481B-AD98-502F439955C7}.Debug|ARM.ActiveCfg = Debug|Any CPU
		{3D3562B8-0114-481B-AD98-502F439955C7}.Debug|ARM.Build.0 = Debug|Any CPU
		{3D3562B8-0114-481B-AD98-502F439955C7}.Debug|iPhone.ActiveCfg = Debug|Any CPU
		{3D3562B8-0114-481B-AD98-502F439955C7}.Debug|iPhone.Build.0 = Debug|Any CPU
		{3D3562B8-0114-481B-AD98-502F439955C7}.Debug|iPhoneSimulator.ActiveCfg = Debug|Any CPU
		{3D3562B8-0114-481B-AD98-502F439955C7}.Debug|iPhoneSimulator.Build.0 = Debug|Any CPU
		{3D3562B8-0114-481B-AD98-502F439955C7}.Debug|x64.ActiveCfg = Debug|Any CPU
		{3D3562B8-0114-481B-AD98-502F439955C7}.Debug|x64.Build.0 = Debug|Any CPU
		{3D3562B8-0114-481B-AD98-502F439955C7}.Debug|x86.ActiveCfg = Debug|Any CPU
		{3D3562B8-0114-481B-AD98-502F439955C7}.Debug|x86.Build.0 = Debug|Any CPU
		{3D3562B8-0114-481B-AD98-502F439955C7}.Release|Any CPU.ActiveCfg = Release|Any CPU
		{3D3562B8-0114-481B-AD98-502F439955C7}.Release|Any CPU.Build.0 = Release|Any CPU
		{3D3562B8-0114-481B-AD98-502F439955C7}.Release|ARM.ActiveCfg = Release|Any CPU
		{3D3562B8-0114-481B-AD98-502F439955C7}.Release|ARM.Build.0 = Release|Any CPU
		{3D3562B8-0114-481B-AD98-502F439955C7}.Release|iPhone.ActiveCfg = Release|Any CPU
		{3D3562B8-0114-481B-AD98-502F439955C7}.Release|iPhone.Build.0 = Release|Any CPU
		{3D3562B8-0114-481B-AD98-502F439955C7}.Release|iPhoneSimulator.ActiveCfg = Release|Any CPU
		{3D3562B8-0114-481B-AD98-502F439955C7}.Release|iPhoneSimulator.Build.0 = Release|Any CPU
		{3D3562B8-0114-481B-AD98-502F439955C7}.Release|x64.ActiveCfg = Release|Any CPU
		{3D3562B8-0114-481B-AD98-502F439955C7}.Release|x64.Build.0 = Release|Any CPU
		{3D3562B8-0114-481B-AD98-502F439955C7}.Release|x86.ActiveCfg = Release|Any CPU
		{3D3562B8-0114-481B-AD98-502F439955C7}.Release|x86.Build.0 = Release|Any CPU
		{35EBEE81-1196-484D-8BA5-E39636219F01}.AppStore|Any CPU.ActiveCfg = Debug|Any CPU
		{35EBEE81-1196-484D-8BA5-E39636219F01}.AppStore|Any CPU.Build.0 = Debug|Any CPU
		{35EBEE81-1196-484D-8BA5-E39636219F01}.AppStore|ARM.ActiveCfg = Debug|Any CPU
		{35EBEE81-1196-484D-8BA5-E39636219F01}.AppStore|ARM.Build.0 = Debug|Any CPU
		{35EBEE81-1196-484D-8BA5-E39636219F01}.AppStore|iPhone.ActiveCfg = Debug|Any CPU
		{35EBEE81-1196-484D-8BA5-E39636219F01}.AppStore|iPhone.Build.0 = Debug|Any CPU
		{35EBEE81-1196-484D-8BA5-E39636219F01}.AppStore|iPhoneSimulator.ActiveCfg = Debug|Any CPU
		{35EBEE81-1196-484D-8BA5-E39636219F01}.AppStore|iPhoneSimulator.Build.0 = Debug|Any CPU
		{35EBEE81-1196-484D-8BA5-E39636219F01}.AppStore|x64.ActiveCfg = Debug|Any CPU
		{35EBEE81-1196-484D-8BA5-E39636219F01}.AppStore|x64.Build.0 = Debug|Any CPU
		{35EBEE81-1196-484D-8BA5-E39636219F01}.AppStore|x86.ActiveCfg = Debug|Any CPU
		{35EBEE81-1196-484D-8BA5-E39636219F01}.AppStore|x86.Build.0 = Debug|Any CPU
		{35EBEE81-1196-484D-8BA5-E39636219F01}.Debug|Any CPU.ActiveCfg = Debug|Any CPU
		{35EBEE81-1196-484D-8BA5-E39636219F01}.Debug|Any CPU.Build.0 = Debug|Any CPU
		{35EBEE81-1196-484D-8BA5-E39636219F01}.Debug|ARM.ActiveCfg = Debug|Any CPU
		{35EBEE81-1196-484D-8BA5-E39636219F01}.Debug|ARM.Build.0 = Debug|Any CPU
		{35EBEE81-1196-484D-8BA5-E39636219F01}.Debug|iPhone.ActiveCfg = Debug|Any CPU
		{35EBEE81-1196-484D-8BA5-E39636219F01}.Debug|iPhone.Build.0 = Debug|Any CPU
		{35EBEE81-1196-484D-8BA5-E39636219F01}.Debug|iPhoneSimulator.ActiveCfg = Debug|Any CPU
		{35EBEE81-1196-484D-8BA5-E39636219F01}.Debug|iPhoneSimulator.Build.0 = Debug|Any CPU
		{35EBEE81-1196-484D-8BA5-E39636219F01}.Debug|x64.ActiveCfg = Debug|Any CPU
		{35EBEE81-1196-484D-8BA5-E39636219F01}.Debug|x64.Build.0 = Debug|Any CPU
		{35EBEE81-1196-484D-8BA5-E39636219F01}.Debug|x86.ActiveCfg = Debug|Any CPU
		{35EBEE81-1196-484D-8BA5-E39636219F01}.Debug|x86.Build.0 = Debug|Any CPU
		{35EBEE81-1196-484D-8BA5-E39636219F01}.Release|Any CPU.ActiveCfg = Release|Any CPU
		{35EBEE81-1196-484D-8BA5-E39636219F01}.Release|Any CPU.Build.0 = Release|Any CPU
		{35EBEE81-1196-484D-8BA5-E39636219F01}.Release|ARM.ActiveCfg = Release|Any CPU
		{35EBEE81-1196-484D-8BA5-E39636219F01}.Release|ARM.Build.0 = Release|Any CPU
		{35EBEE81-1196-484D-8BA5-E39636219F01}.Release|iPhone.ActiveCfg = Release|Any CPU
		{35EBEE81-1196-484D-8BA5-E39636219F01}.Release|iPhone.Build.0 = Release|Any CPU
		{35EBEE81-1196-484D-8BA5-E39636219F01}.Release|iPhoneSimulator.ActiveCfg = Release|Any CPU
		{35EBEE81-1196-484D-8BA5-E39636219F01}.Release|iPhoneSimulator.Build.0 = Release|Any CPU
		{35EBEE81-1196-484D-8BA5-E39636219F01}.Release|x64.ActiveCfg = Release|Any CPU
		{35EBEE81-1196-484D-8BA5-E39636219F01}.Release|x64.Build.0 = Release|Any CPU
		{35EBEE81-1196-484D-8BA5-E39636219F01}.Release|x86.ActiveCfg = Release|Any CPU
		{35EBEE81-1196-484D-8BA5-E39636219F01}.Release|x86.Build.0 = Release|Any CPU
		{9E5E0BEC-1EC4-43DD-9416-7253C9EA439C}.AppStore|Any CPU.ActiveCfg = Debug|Any CPU
		{9E5E0BEC-1EC4-43DD-9416-7253C9EA439C}.AppStore|Any CPU.Build.0 = Debug|Any CPU
		{9E5E0BEC-1EC4-43DD-9416-7253C9EA439C}.AppStore|ARM.ActiveCfg = Debug|Any CPU
		{9E5E0BEC-1EC4-43DD-9416-7253C9EA439C}.AppStore|ARM.Build.0 = Debug|Any CPU
		{9E5E0BEC-1EC4-43DD-9416-7253C9EA439C}.AppStore|iPhone.ActiveCfg = Debug|Any CPU
		{9E5E0BEC-1EC4-43DD-9416-7253C9EA439C}.AppStore|iPhone.Build.0 = Debug|Any CPU
		{9E5E0BEC-1EC4-43DD-9416-7253C9EA439C}.AppStore|iPhoneSimulator.ActiveCfg = Debug|Any CPU
		{9E5E0BEC-1EC4-43DD-9416-7253C9EA439C}.AppStore|iPhoneSimulator.Build.0 = Debug|Any CPU
		{9E5E0BEC-1EC4-43DD-9416-7253C9EA439C}.AppStore|x64.ActiveCfg = Debug|Any CPU
		{9E5E0BEC-1EC4-43DD-9416-7253C9EA439C}.AppStore|x64.Build.0 = Debug|Any CPU
		{9E5E0BEC-1EC4-43DD-9416-7253C9EA439C}.AppStore|x86.ActiveCfg = Debug|Any CPU
		{9E5E0BEC-1EC4-43DD-9416-7253C9EA439C}.AppStore|x86.Build.0 = Debug|Any CPU
		{9E5E0BEC-1EC4-43DD-9416-7253C9EA439C}.Debug|Any CPU.ActiveCfg = Debug|Any CPU
		{9E5E0BEC-1EC4-43DD-9416-7253C9EA439C}.Debug|Any CPU.Build.0 = Debug|Any CPU
		{9E5E0BEC-1EC4-43DD-9416-7253C9EA439C}.Debug|ARM.ActiveCfg = Debug|Any CPU
		{9E5E0BEC-1EC4-43DD-9416-7253C9EA439C}.Debug|ARM.Build.0 = Debug|Any CPU
		{9E5E0BEC-1EC4-43DD-9416-7253C9EA439C}.Debug|iPhone.ActiveCfg = Debug|Any CPU
		{9E5E0BEC-1EC4-43DD-9416-7253C9EA439C}.Debug|iPhone.Build.0 = Debug|Any CPU
		{9E5E0BEC-1EC4-43DD-9416-7253C9EA439C}.Debug|iPhoneSimulator.ActiveCfg = Debug|Any CPU
		{9E5E0BEC-1EC4-43DD-9416-7253C9EA439C}.Debug|iPhoneSimulator.Build.0 = Debug|Any CPU
		{9E5E0BEC-1EC4-43DD-9416-7253C9EA439C}.Debug|x64.ActiveCfg = Debug|Any CPU
		{9E5E0BEC-1EC4-43DD-9416-7253C9EA439C}.Debug|x64.Build.0 = Debug|Any CPU
		{9E5E0BEC-1EC4-43DD-9416-7253C9EA439C}.Debug|x86.ActiveCfg = Debug|Any CPU
		{9E5E0BEC-1EC4-43DD-9416-7253C9EA439C}.Debug|x86.Build.0 = Debug|Any CPU
		{9E5E0BEC-1EC4-43DD-9416-7253C9EA439C}.Release|Any CPU.ActiveCfg = Release|Any CPU
		{9E5E0BEC-1EC4-43DD-9416-7253C9EA439C}.Release|Any CPU.Build.0 = Release|Any CPU
		{9E5E0BEC-1EC4-43DD-9416-7253C9EA439C}.Release|ARM.ActiveCfg = Release|Any CPU
		{9E5E0BEC-1EC4-43DD-9416-7253C9EA439C}.Release|ARM.Build.0 = Release|Any CPU
		{9E5E0BEC-1EC4-43DD-9416-7253C9EA439C}.Release|iPhone.ActiveCfg = Release|Any CPU
		{9E5E0BEC-1EC4-43DD-9416-7253C9EA439C}.Release|iPhone.Build.0 = Release|Any CPU
		{9E5E0BEC-1EC4-43DD-9416-7253C9EA439C}.Release|iPhoneSimulator.ActiveCfg = Release|Any CPU
		{9E5E0BEC-1EC4-43DD-9416-7253C9EA439C}.Release|iPhoneSimulator.Build.0 = Release|Any CPU
		{9E5E0BEC-1EC4-43DD-9416-7253C9EA439C}.Release|x64.ActiveCfg = Release|Any CPU
		{9E5E0BEC-1EC4-43DD-9416-7253C9EA439C}.Release|x64.Build.0 = Release|Any CPU
		{9E5E0BEC-1EC4-43DD-9416-7253C9EA439C}.Release|x86.ActiveCfg = Release|Any CPU
		{9E5E0BEC-1EC4-43DD-9416-7253C9EA439C}.Release|x86.Build.0 = Release|Any CPU
		{CBA4FC4E-9E17-4D9E-B03C-326B9CC74BB7}.AppStore|Any CPU.ActiveCfg = Debug|Any CPU
		{CBA4FC4E-9E17-4D9E-B03C-326B9CC74BB7}.AppStore|Any CPU.Build.0 = Debug|Any CPU
		{CBA4FC4E-9E17-4D9E-B03C-326B9CC74BB7}.AppStore|ARM.ActiveCfg = Debug|Any CPU
		{CBA4FC4E-9E17-4D9E-B03C-326B9CC74BB7}.AppStore|ARM.Build.0 = Debug|Any CPU
		{CBA4FC4E-9E17-4D9E-B03C-326B9CC74BB7}.AppStore|iPhone.ActiveCfg = Debug|Any CPU
		{CBA4FC4E-9E17-4D9E-B03C-326B9CC74BB7}.AppStore|iPhone.Build.0 = Debug|Any CPU
		{CBA4FC4E-9E17-4D9E-B03C-326B9CC74BB7}.AppStore|iPhoneSimulator.ActiveCfg = Debug|Any CPU
		{CBA4FC4E-9E17-4D9E-B03C-326B9CC74BB7}.AppStore|iPhoneSimulator.Build.0 = Debug|Any CPU
		{CBA4FC4E-9E17-4D9E-B03C-326B9CC74BB7}.AppStore|x64.ActiveCfg = Debug|Any CPU
		{CBA4FC4E-9E17-4D9E-B03C-326B9CC74BB7}.AppStore|x64.Build.0 = Debug|Any CPU
		{CBA4FC4E-9E17-4D9E-B03C-326B9CC74BB7}.AppStore|x86.ActiveCfg = Debug|Any CPU
		{CBA4FC4E-9E17-4D9E-B03C-326B9CC74BB7}.AppStore|x86.Build.0 = Debug|Any CPU
		{CBA4FC4E-9E17-4D9E-B03C-326B9CC74BB7}.Debug|Any CPU.ActiveCfg = Debug|Any CPU
		{CBA4FC4E-9E17-4D9E-B03C-326B9CC74BB7}.Debug|Any CPU.Build.0 = Debug|Any CPU
		{CBA4FC4E-9E17-4D9E-B03C-326B9CC74BB7}.Debug|ARM.ActiveCfg = Debug|Any CPU
		{CBA4FC4E-9E17-4D9E-B03C-326B9CC74BB7}.Debug|ARM.Build.0 = Debug|Any CPU
		{CBA4FC4E-9E17-4D9E-B03C-326B9CC74BB7}.Debug|iPhone.ActiveCfg = Debug|Any CPU
		{CBA4FC4E-9E17-4D9E-B03C-326B9CC74BB7}.Debug|iPhone.Build.0 = Debug|Any CPU
		{CBA4FC4E-9E17-4D9E-B03C-326B9CC74BB7}.Debug|iPhoneSimulator.ActiveCfg = Debug|Any CPU
		{CBA4FC4E-9E17-4D9E-B03C-326B9CC74BB7}.Debug|iPhoneSimulator.Build.0 = Debug|Any CPU
		{CBA4FC4E-9E17-4D9E-B03C-326B9CC74BB7}.Debug|x64.ActiveCfg = Debug|Any CPU
		{CBA4FC4E-9E17-4D9E-B03C-326B9CC74BB7}.Debug|x64.Build.0 = Debug|Any CPU
		{CBA4FC4E-9E17-4D9E-B03C-326B9CC74BB7}.Debug|x86.ActiveCfg = Debug|Any CPU
		{CBA4FC4E-9E17-4D9E-B03C-326B9CC74BB7}.Debug|x86.Build.0 = Debug|Any CPU
		{CBA4FC4E-9E17-4D9E-B03C-326B9CC74BB7}.Release|Any CPU.ActiveCfg = Release|Any CPU
		{CBA4FC4E-9E17-4D9E-B03C-326B9CC74BB7}.Release|Any CPU.Build.0 = Release|Any CPU
		{CBA4FC4E-9E17-4D9E-B03C-326B9CC74BB7}.Release|ARM.ActiveCfg = Release|Any CPU
		{CBA4FC4E-9E17-4D9E-B03C-326B9CC74BB7}.Release|ARM.Build.0 = Release|Any CPU
		{CBA4FC4E-9E17-4D9E-B03C-326B9CC74BB7}.Release|iPhone.ActiveCfg = Release|Any CPU
		{CBA4FC4E-9E17-4D9E-B03C-326B9CC74BB7}.Release|iPhone.Build.0 = Release|Any CPU
		{CBA4FC4E-9E17-4D9E-B03C-326B9CC74BB7}.Release|iPhoneSimulator.ActiveCfg = Release|Any CPU
		{CBA4FC4E-9E17-4D9E-B03C-326B9CC74BB7}.Release|iPhoneSimulator.Build.0 = Release|Any CPU
		{CBA4FC4E-9E17-4D9E-B03C-326B9CC74BB7}.Release|x64.ActiveCfg = Release|Any CPU
		{CBA4FC4E-9E17-4D9E-B03C-326B9CC74BB7}.Release|x64.Build.0 = Release|Any CPU
		{CBA4FC4E-9E17-4D9E-B03C-326B9CC74BB7}.Release|x86.ActiveCfg = Release|Any CPU
		{CBA4FC4E-9E17-4D9E-B03C-326B9CC74BB7}.Release|x86.Build.0 = Release|Any CPU
	EndGlobalSection
	GlobalSection(SolutionProperties) = preSolution
		HideSolutionNode = FALSE
	EndGlobalSection
	GlobalSection(NestedProjects) = preSolution
		{2B640B29-C56E-47AE-9061-BA9FEAC173E0} = {76E2ED4E-4EC0-4356-A87A-42E0A9ABBF78}
		{A7207538-CA5A-4D09-BE82-23E6821C9000} = {76E2ED4E-4EC0-4356-A87A-42E0A9ABBF78}
		{80EB7547-F597-481D-9B7B-7BAC1B0D0787} = {76E2ED4E-4EC0-4356-A87A-42E0A9ABBF78}
		{38B657C3-B08B-4A8B-9BC5-6D92FFE40F7C} = {1763121B-E9D6-415B-8108-FD8FC8A05BF7}
		{B3C7C9DE-70E3-4E70-A178-7FB93C17EB44} = {1763121B-E9D6-415B-8108-FD8FC8A05BF7}
		{C8A743EB-D705-48A7-ACE1-E290BB1DAA3D} = {1DB95A8C-6801-44E0-90C5-AB5F805F3803}
		{9E5E0BEC-1EC4-43DD-9416-7253C9EA439C} = {1763121B-E9D6-415B-8108-FD8FC8A05BF7}
	EndGlobalSection
	GlobalSection(ExtensibilityGlobals) = postSolution
		SolutionGuid = {DA4F4C68-5E81-41B9-8990-E8DBE4CA930F}
	EndGlobalSection
EndGlobal
